{
  "name": "extract-colors",
  "version": "0.0.1",
  "lockfileVersion": 1,
  "requires": true,
  "dependencies": {
    "@types/estree": {
      "version": "0.0.41",
      "resolved": "https://registry.npmjs.org/@types/estree/-/estree-0.0.41.tgz",
      "integrity": "sha512-rIAmXyJlqw4KEBO7+u9gxZZSQHaCNnIzYrnNmYVpgfJhxTqO0brCX0SYpqUTkVI5mwwUwzmtspLBGBKroMeynA==",
      "dev": true
    },
    "@types/node": {
      "version": "13.1.4",
      "resolved": "https://registry.npmjs.org/@types/node/-/node-13.1.4.tgz",
      "integrity": "sha512-Lue/mlp2egZJoHXZr4LndxDAd7i/7SQYhV0EjWfb/a4/OZ6tuVwMCVPiwkU5nsEipxEf7hmkSU7Em5VQ8P5NGA==",
      "dev": true
    },
    "acorn": {
      "version": "7.1.0",
      "resolved": "https://registry.npmjs.org/acorn/-/acorn-7.1.0.tgz",
      "integrity": "sha512-kL5CuoXA/dgxlBbVrflsflzQ3PAas7RYZB52NOm/6839iVYJgKMJ3cQJD+t2i5+qFa8h3MDpEOJiS64E8JLnSQ==",
      "dev": true
    },
    "commander": {
      "version": "2.9.0",
      "resolved": "https://registry.npmjs.org/commander/-/commander-2.9.0.tgz",
      "integrity": "sha1-nJkJQXbhIkDLItbFFGCYQA/g99Q=",
      "dev": true,
      "requires": {
        "graceful-readlink": ">= 1.0.0"
      }
    },
    "graceful-readlink": {
      "version": "1.0.1",
      "resolved": "https://registry.npmjs.org/graceful-readlink/-/graceful-readlink-1.0.1.tgz",
      "integrity": "sha1-TK+tdrxi8C+gObL5Tpo906ORpyU=",
      "dev": true
    },
    "rollup": {
      "version": "1.27.14",
      "resolved": "https://registry.npmjs.org/rollup/-/rollup-1.27.14.tgz",
      "integrity": "sha512-DuDjEyn8Y79ALYXMt+nH/EI58L5pEw5HU9K38xXdRnxQhvzUTI/nxAawhkAHUQeudANQ//8iyrhVRHJBuR6DSQ==",
      "dev": true,
      "requires": {
        "@types/estree": "*",
        "@types/node": "*",
        "acorn": "^7.1.0"
      }
    },
    "rollup-plugin-uglify-es": {
      "version": "0.0.1",
      "resolved": "https://registry.npmjs.org/rollup-plugin-uglify-es/-/rollup-plugin-uglify-es-0.0.1.tgz",
      "integrity": "sha1-5FZE8raFpZq9uTY0ByB6A6e1qbc=",
      "dev": true,
      "requires": {
        "uglify-es": "3.0.3"
      }
    },
    "source-map": {
      "version": "0.5.7",
      "resolved": "https://registry.npmjs.org/source-map/-/source-map-0.5.7.tgz",
      "integrity": "sha1-igOdLRAh0i0eoUyA2OpGi6LvP8w=",
      "dev": true
    },
    "uglify-es": {
      "version": "3.0.3",
      "resolved": "https://registry.npmjs.org/uglify-es/-/uglify-es-3.0.3.tgz",
      "integrity": "sha1-Y8yEqpRos0lzpIh3h8ZMAaiodXY=",
      "dev": true,
      "requires": {
        "commander": "~2.9.0",
        "source-map": "~0.5.1",
        "uglify-to-browserify": "~1.0.0"
      }
    },
    "uglify-to-browserify": {
      "version": "1.0.2",
      "resolved": "https://registry.npmjs.org/uglify-to-browserify/-/uglify-to-browserify-1.0.2.tgz",
      "integrity": "sha1-bgkk1r2mta/jSeOabWMoUKD4grc=",
      "dev": true,
      "optional": true
    }
  }
}
